{
  "name": "twitter_api_v2",
  "version": "1.0.0",
  "lockfileVersion": 3,
  "requires": true,
  "packages": {
    "": {
      "name": "twitter_api_v2",
      "version": "1.0.0",
      "license": "ISC",
      "dependencies": {
        "twitter-api-v2": "^1.18.1"
      }
    },
    "node_modules/twitter-api-v2": {
      "version": "1.18.1",
      "resolved": "https://registry.npmjs.org/twitter-api-v2/-/twitter-api-v2-1.18.1.tgz",
      "integrity": "sha512-6pChAlfH/7VakKnPfVdG2fjxVJJgKCXvvWhuEOCdJ52Y+rzmAmsnTKDgjhnj11XgboSYQx1bn3j2VWyR+vnRiA==",
      "license": "Apache-2.0"
    }
  }
}
